// !$*UTF8*$!
{
	archiveVersion = 1;
	classes = {
	};
	objectVersion = 46;
	objects = {

/* Begin PBXBuildFile section */
		C2DEA4561BCF287500457FEA /* main.swift in Sources */ = {isa = PBXBuildFile; fileRef = C2DEA4551BCF287500457FEA /* main.swift */; };
		C2DEA4661BCF28AD00457FEA /* POSIX.swift in Sources */ = {isa = PBXBuildFile; fileRef = C2DEA45E1BCF28AD00457FEA /* POSIX.swift */; settings = {ASSET_TAGS = (); }; };
		C2DEA4671BCF28AD00457FEA /* Server.swift in Sources */ = {isa = PBXBuildFile; fileRef = C2DEA4601BCF28AD00457FEA /* Server.swift */; settings = {ASSET_TAGS = (); }; };
		C2DEA4681BCF28AD00457FEA /* Socket.swift in Sources */ = {isa = PBXBuildFile; fileRef = C2DEA4621BCF28AD00457FEA /* Socket.swift */; settings = {ASSET_TAGS = (); }; };
		C2DEA4691BCF28AD00457FEA /* Debug.swift in Sources */ = {isa = PBXBuildFile; fileRef = C2DEA4641BCF28AD00457FEA /* Debug.swift */; settings = {ASSET_TAGS = (); }; };
		C2DEA46A1BCF28AD00457FEA /* Error.swift in Sources */ = {isa = PBXBuildFile; fileRef = C2DEA4651BCF28AD00457FEA /* Error.swift */; settings = {ASSET_TAGS = (); }; };
/* End PBXBuildFile section */

/* Begin PBXCopyFilesBuildPhase section */
		C2DEA4501BCF287500457FEA /* CopyFiles */ = {
			isa = PBXCopyFilesBuildPhase;
			buildActionMask = 2147483647;
			dstPath = /usr/share/man/man1/;
			dstSubfolderSpec = 0;
			files = (
			);
			runOnlyForDeploymentPostprocessing = 1;
		};
/* End PBXCopyFilesBuildPhase section */

/* Begin PBXFileReference section */
		C2DEA4521BCF287500457FEA /* SwiftyServerApp */ = {isa = PBXFileReference; explicitFileType = "compiled.mach-o.executable"; includeInIndex = 0; path = SwiftyServerApp; sourceTree = BUILT_PRODUCTS_DIR; };
		C2DEA4551BCF287500457FEA /* main.swift */ = {isa = PBXFileReference; lastKnownFileType = sourcecode.swift; path = main.swift; sourceTree = "<group>"; };
		C2DEA45E1BCF28AD00457FEA /* POSIX.swift */ = {isa = PBXFileReference; fileEncoding = 4; lastKnownFileType = sourcecode.swift; path = POSIX.swift; sourceTree = "<group>"; };
		C2DEA4601BCF28AD00457FEA /* Server.swift */ = {isa = PBXFileReference; fileEncoding = 4; lastKnownFileType = sourcecode.swift; path = Server.swift; sourceTree = "<group>"; };
		C2DEA4621BCF28AD00457FEA /* Socket.swift */ = {isa = PBXFileReference; fileEncoding = 4; lastKnownFileType = sourcecode.swift; path = Socket.swift; sourceTree = "<group>"; };
		C2DEA4641BCF28AD00457FEA /* Debug.swift */ = {isa = PBXFileReference; fileEncoding = 4; lastKnownFileType = sourcecode.swift; path = Debug.swift; sourceTree = "<group>"; };
		C2DEA4651BCF28AD00457FEA /* Error.swift */ = {isa = PBXFileReference; fileEncoding = 4; lastKnownFileType = sourcecode.swift; path = Error.swift; sourceTree = "<group>"; };
/* End PBXFileReference section */

/* Begin PBXFrameworksBuildPhase section */
		C2DEA44F1BCF287500457FEA /* Frameworks */ = {
			isa = PBXFrameworksBuildPhase;
			buildActionMask = 2147483647;
			files = (
			);
			runOnlyForDeploymentPostprocessing = 0;
		};
/* End PBXFrameworksBuildPhase section */

/* Begin PBXGroup section */
		C2DEA4491BCF287500457FEA = {
			isa = PBXGroup;
			children = (
				C2DEA4541BCF287500457FEA /* SwiftyServerApp */,
				C2DEA4531BCF287500457FEA /* Products */,
			);
			sourceTree = "<group>";
		};
		C2DEA4531BCF287500457FEA /* Products */ = {
			isa = PBXGroup;
			children = (
				C2DEA4521BCF287500457FEA /* SwiftyServerApp */,
			);
			name = Products;
			sourceTree = "<group>";
		};
		C2DEA4541BCF287500457FEA /* SwiftyServerApp */ = {
			isa = PBXGroup;
			children = (
				C2DEA45C1BCF28AD00457FEA /* Source */,
				C2DEA4551BCF287500457FEA /* main.swift */,
			);
			path = SwiftyServerApp;
			sourceTree = "<group>";
		};
		C2DEA45C1BCF28AD00457FEA /* Source */ = {
			isa = PBXGroup;
			children = (
				C2DEA45D1BCF28AD00457FEA /* POSIX */,
				C2DEA45F1BCF28AD00457FEA /* Server */,
				C2DEA4611BCF28AD00457FEA /* Socket */,
				C2DEA4631BCF28AD00457FEA /* Util */,
			);
			name = Source;
			path = ../../../Source;
			sourceTree = "<group>";
		};
		C2DEA45D1BCF28AD00457FEA /* POSIX */ = {
			isa = PBXGroup;
			children = (
				C2DEA45E1BCF28AD00457FEA /* POSIX.swift */,
			);
			path = POSIX;
			sourceTree = "<group>";
		};
		C2DEA45F1BCF28AD00457FEA /* Server */ = {
			isa = PBXGroup;
			children = (
				C2DEA4601BCF28AD00457FEA /* Server.swift */,
			);
			path = Server;
			sourceTree = "<group>";
		};
		C2DEA4611BCF28AD00457FEA /* Socket */ = {
			isa = PBXGroup;
			children = (
				C2DEA4621BCF28AD00457FEA /* Socket.swift */,
			);
			path = Socket;
			sourceTree = "<group>";
		};
		C2DEA4631BCF28AD00457FEA /* Util */ = {
			isa = PBXGroup;
			children = (
				C2DEA4641BCF28AD00457FEA /* Debug.swift */,
				C2DEA4651BCF28AD00457FEA /* Error.swift */,
			);
			path = Util;
			sourceTree = "<group>";
		};
/* End PBXGroup section */

/* Begin PBXNativeTarget section */
		C2DEA4511BCF287500457FEA /* SwiftyServerApp */ = {
			isa = PBXNativeTarget;
			buildConfigurationList = C2DEA4591BCF287500457FEA /* Build configuration list for PBXNativeTarget "SwiftyServerApp" */;
			buildPhases = (
				C2DEA44E1BCF287500457FEA /* Sources */,
				C2DEA44F1BCF287500457FEA /* Frameworks */,
				C2DEA4501BCF287500457FEA /* CopyFiles */,
			);
			buildRules = (
			);
			dependencies = (
			);
			name = SwiftyServerApp;
			productName = SwiftyServerApp;
			productReference = C2DEA4521BCF287500457FEA /* SwiftyServerApp */;
			productType = "com.apple.product-type.tool";
		};
/* End PBXNativeTarget section */

/* Begin PBXProject section */
		C2DEA44A1BCF287500457FEA /* Project object */ = {
			isa = PBXProject;
			attributes = {
				LastUpgradeCheck = 0700;
				ORGANIZATIONNAME = "Derek Ostrander";
				TargetAttributes = {
					C2DEA4511BCF287500457FEA = {
						CreatedOnToolsVersion = 7.0.1;
					};
				};
			};
			buildConfigurationList = C2DEA44D1BCF287500457FEA /* Build configuration list for PBXProject "SwiftyServerApp" */;
			compatibilityVersion = "Xcode 3.2";
			developmentRegion = English;
			hasScannedForEncodings = 0;
			knownRegions = (
				en,
			);
			mainGroup = C2DEA4491BCF287500457FEA;
			productRefGroup = C2DEA4531BCF287500457FEA /* Products */;
			projectDirPath = "";
			projectRoot = "";
			targets = (
				C2DEA4511BCF287500457FEA /* SwiftyServerApp */,
			);
		};
/* End PBXProject section */

/* Begin PBXSourcesBuildPhase section */
		C2DEA44E1BCF287500457FEA /* Sources */ = {
			isa = PBXSourcesBuildPhase;
			buildActionMask = 2147483647;
			files = (
				C2DEA4681BCF28AD00457FEA /* Socket.swift in Sources */,
				C2DEA4691BCF28AD00457FEA /* Debug.swift in Sources */,
				C2DEA4561BCF287500457FEA /* main.swift in Sources */,
				C2DEA4671BCF28AD00457FEA /* Server.swift in Sources */,
				C2DEA46A1BCF28AD00457FEA /* Error.swift in Sources */,
				C2DEA4661BCF28AD00457FEA /* POSIX.swift in Sources */,
			);
			runOnlyForDeploymentPostprocessing = 0;
		};
/* End PBXSourcesBuildPhase section */

/* Begin XCBuildConfiguration section */
		C2DEA4571BCF287500457FEA /* Debug */ = {
			isa = XCBuildConfiguration;
			buildSettings = {
				ALWAYS_SEARCH_USER_PATHS = NO;
				CLANG_CXX_LANGUAGE_STANDARD = "gnu++0x";
				CLANG_CXX_LIBRARY = "libc++";
				CLANG_ENABLE_MODULES = YES;
				CLANG_ENABLE_OBJC_ARC = YES;
				CLANG_WARN_BOOL_CONVERSION = YES;
				CLANG_WARN_CONSTANT_CONVERSION = YES;
				CLANG_WARN_DIRECT_OBJC_ISA_USAGE = YES_ERROR;
				CLANG_WARN_EMPTY_BODY = YES;
				CLANG_WARN_ENUM_CONVERSION = YES;
				CLANG_WARN_INT_CONVERSION = YES;
				CLANG_WARN_OBJC_ROOT_CLASS = YES_ERROR;
				CLANG_WARN_UNREACHABLE_CODE = YES;
				CLANG_WARN__DUPLICATE_METHOD_MATCH = YES;
				COPY_PHASE_STRIP = NO;
				DEBUG_INFORMATION_FORMAT = dwarf;
				ENABLE_STRICT_OBJC_MSGSEND = YES;
				ENABLE_TESTABILITY = YES;
				GCC_C_LANGUAGE_STANDARD = gnu99;
				GCC_DYNAMIC_NO_PIC = NO;
				GCC_NO_COMMON_BLOCKS = YES;
				GCC_OPTIMIZATION_LEVEL = 0;
				GCC_PREPROCESSOR_DEFINITIONS = (
					"DEBUG=1",
					"$(inherited)",
				);
				GCC_WARN_64_TO_32_BIT_CONVERSION = YES;
				GCC_WARN_ABOUT_RETURN_TYPE = YES_ERROR;
				GCC_WARN_UNDECLARED_SELECTOR = YES;
				GCC_WARN_UNINITIALIZED_AUTOS = YES_AGGRESSIVE;
				GCC_WARN_UNUSED_FUNCTION = YES;
				GCC_WARN_UNUSED_VARIABLE = YES;
				MACOSX_DEPLOYMENT_TARGET = 10.10;
				MTL_ENABLE_DEBUG_INFO = YES;
				ONLY_ACTIVE_ARCH = YES;
				SDKROOT = macosx;
				SWIFT_OPTIMIZATION_LEVEL = "-Onone";
			};
			name = Debug;
		};
		C2DEA4581BCF287500457FEA /* Release */ = {
			isa = XCBuildConfiguration;
			buildSettings = {
				ALWAYS_SEARCH_USER_PATHS = NO;
				CLANG_CXX_LANGUAGE_STANDARD = "gnu++0x";
				CLANG_CXX_LIBRARY = "libc++";
				CLANG_ENABLE_MODULES = YES;
				CLANG_ENABLE_OBJC_ARC = YES;
				CLANG_WARN_BOOL_CONVERSION = YES;
				CLANG_WARN_CONSTANT_CONVERSION = YES;
				CLANG_WARN_DIRECT_OBJC_ISA_USAGE = YES_ERROR;
				CLANG_WARN_EMPTY_BODY = YES;
				CLANG_WARN_ENUM_CONVERSION = YES;
				CLANG_WARN_INT_CONVERSION = YES;
				CLANG_WARN_OBJC_ROOT_CLASS = YES_ERROR;
				CLANG_WARN_UNREACHABLE_CODE = YES;
				CLANG_WARN__DUPLICATE_METHOD_MATCH = YES;
				COPY_PHASE_STRIP = NO;
				DEBUG_INFORMATION_FORMAT = "dwarf-with-dsym";
				ENABLE_NS_ASSERTIONS = NO;
				ENABLE_STRICT_OBJC_MSGSEND = YES;
				GCC_C_LANGUAGE_STANDARD = gnu99;
				GCC_NO_COMMON_BLOCKS = YES;
				GCC_WARN_64_TO_32_BIT_CONVERSION = YES;
				GCC_WARN_ABOUT_RETURN_TYPE = YES_ERROR;
				GCC_WARN_UNDECLARED_SELECTOR = YES;
				GCC_WARN_UNINITIALIZED_AUTOS = YES_AGGRESSIVE;
				GCC_WARN_UNUSED_FUNCTION = YES;
				GCC_WARN_UNUSED_VARIABLE = YES;
				MACOSX_DEPLOYMENT_TARGET = 10.10;
				MTL_ENABLE_DEBUG_INFO = NO;
				SDKROOT = macosx;
			};
			name = Release;
		};
		C2DEA45A1BCF287500457FEA /* Debug */ = {
			isa = XCBuildConfiguration;
			buildSettings = {
				PRODUCT_NAME = "$(TARGET_NAME)";
			};
			name = Debug;
		};
		C2DEA45B1BCF287500457FEA /* Release */ = {
			isa = XCBuildConfiguration;
			buildSettings = {
				PRODUCT_NAME = "$(TARGET_NAME)";
			};
			name = Release;
		};
/* End XCBuildConfiguration section */

/* Begin XCConfigurationList section */
		C2DEA44D1BCF287500457FEA /* Build configuration list for PBXProject "SwiftyServerApp" */ = {
			isa = XCConfigurationList;
			buildConfigurations = (
				C2DEA4571BCF287500457FEA /* Debug */,
				C2DEA4581BCF287500457FEA /* Release */,
			);
			defaultConfigurationIsVisible = 0;
			defaultConfigurationName = Release;
		};
		C2DEA4591BCF287500457FEA /* Build configuration list for PBXNativeTarget "SwiftyServerApp" */ = {
			isa = XCConfigurationList;
			buildConfigurations = (
				C2DEA45A1BCF287500457FEA /* Debug */,
				C2DEA45B1BCF287500457FEA /* Release */,
			);
			defaultConfigurationIsVisible = 0;
		};
/* End XCConfigurationList section */
	};
	rootObject = C2DEA44A1BCF287500457FEA /* Project object */;
}
